// !$*UTF8*$!
{
	archiveVersion = 1;
	classes = {
	};
	objectVersion = 50;
	objects = {

/* Begin PBXBuildFile section */
		6E4FF82120B8013900F8B693 /* AppDelegate.swift in Sources */ = {isa = PBXBuildFile; fileRef = 6E4FF82020B8013900F8B693 /* AppDelegate.swift */; };
		6E4FF82320B8013900F8B693 /* ViewController.swift in Sources */ = {isa = PBXBuildFile; fileRef = 6E4FF82220B8013900F8B693 /* ViewController.swift */; };
		6E4FF82620B8013900F8B693 /* Main.storyboard in Resources */ = {isa = PBXBuildFile; fileRef = 6E4FF82420B8013900F8B693 /* Main.storyboard */; };
		6E4FF82820B8013B00F8B693 /* Assets.xcassets in Resources */ = {isa = PBXBuildFile; fileRef = 6E4FF82720B8013B00F8B693 /* Assets.xcassets */; };
		6E4FF82B20B8013B00F8B693 /* LaunchScreen.storyboard in Resources */ = {isa = PBXBuildFile; fileRef = 6E4FF82920B8013B00F8B693 /* LaunchScreen.storyboard */; };
		6E4FF83620B8013C00F8B693 /* SearchRouteTests.swift in Sources */ = {isa = PBXBuildFile; fileRef = 6E4FF83520B8013C00F8B693 /* SearchRouteTests.swift */; };
		6E4FF84120B8013C00F8B693 /* SearchRouteUITests.swift in Sources */ = {isa = PBXBuildFile; fileRef = 6E4FF84020B8013C00F8B693 /* SearchRouteUITests.swift */; };
/* End PBXBuildFile section */

/* Begin PBXContainerItemProxy section */
		6E4FF83220B8013C00F8B693 /* PBXContainerItemProxy */ = {
			isa = PBXContainerItemProxy;
			containerPortal = 6E4FF81520B8013900F8B693 /* Project object */;
			proxyType = 1;
			remoteGlobalIDString = 6E4FF81C20B8013900F8B693;
			remoteInfo = SearchRoute;
		};
		6E4FF83D20B8013C00F8B693 /* PBXContainerItemProxy */ = {
			isa = PBXContainerItemProxy;
			containerPortal = 6E4FF81520B8013900F8B693 /* Project object */;
			proxyType = 1;
			remoteGlobalIDString = 6E4FF81C20B8013900F8B693;
			remoteInfo = SearchRoute;
		};
/* End PBXContainerItemProxy section */

/* Begin PBXFileReference section */
		6E4FF81D20B8013900F8B693 /* SearchRoute.app */ = {isa = PBXFileReference; explicitFileType = wrapper.application; includeInIndex = 0; path = SearchRoute.app; sourceTree = BUILT_PRODUCTS_DIR; };
		6E4FF82020B8013900F8B693 /* AppDelegate.swift */ = {isa = PBXFileReference; lastKnownFileType = sourcecode.swift; path = AppDelegate.swift; sourceTree = "<group>"; };
		6E4FF82220B8013900F8B693 /* ViewController.swift */ = {isa = PBXFileReference; lastKnownFileType = sourcecode.swift; path = ViewController.swift; sourceTree = "<group>"; };
		6E4FF82520B8013900F8B693 /* Base */ = {isa = PBXFileReference; lastKnownFileType = file.storyboard; name = Base; path = Base.lproj/Main.storyboard; sourceTree = "<group>"; };
		6E4FF82720B8013B00F8B693 /* Assets.xcassets */ = {isa = PBXFileReference; lastKnownFileType = folder.assetcatalog; path = Assets.xcassets; sourceTree = "<group>"; };
		6E4FF82A20B8013B00F8B693 /* Base */ = {isa = PBXFileReference; lastKnownFileType = file.storyboard; name = Base; path = Base.lproj/LaunchScreen.storyboard; sourceTree = "<group>"; };
		6E4FF82C20B8013B00F8B693 /* Info.plist */ = {isa = PBXFileReference; lastKnownFileType = text.plist.xml; path = Info.plist; sourceTree = "<group>"; };
		6E4FF83120B8013C00F8B693 /* SearchRouteTests.xctest */ = {isa = PBXFileReference; explicitFileType = wrapper.cfbundle; includeInIndex = 0; path = SearchRouteTests.xctest; sourceTree = BUILT_PRODUCTS_DIR; };
		6E4FF83520B8013C00F8B693 /* SearchRouteTests.swift */ = {isa = PBXFileReference; lastKnownFileType = sourcecode.swift; path = SearchRouteTests.swift; sourceTree = "<group>"; };
		6E4FF83720B8013C00F8B693 /* Info.plist */ = {isa = PBXFileReference; lastKnownFileType = text.plist.xml; path = Info.plist; sourceTree = "<group>"; };
		6E4FF83C20B8013C00F8B693 /* SearchRouteUITests.xctest */ = {isa = PBXFileReference; explicitFileType = wrapper.cfbundle; includeInIndex = 0; path = SearchRouteUITests.xctest; sourceTree = BUILT_PRODUCTS_DIR; };
		6E4FF84020B8013C00F8B693 /* SearchRouteUITests.swift */ = {isa = PBXFileReference; lastKnownFileType = sourcecode.swift; path = SearchRouteUITests.swift; sourceTree = "<group>"; };
		6E4FF84220B8013C00F8B693 /* Info.plist */ = {isa = PBXFileReference; lastKnownFileType = text.plist.xml; path = Info.plist; sourceTree = "<group>"; };
/* End PBXFileReference section */

/* Begin PBXFrameworksBuildPhase section */
		6E4FF81A20B8013900F8B693 /* Frameworks */ = {
			isa = PBXFrameworksBuildPhase;
			buildActionMask = 2147483647;
			files = (
			);
			runOnlyForDeploymentPostprocessing = 0;
		};
		6E4FF82E20B8013C00F8B693 /* Frameworks */ = {
			isa = PBXFrameworksBuildPhase;
			buildActionMask = 2147483647;
			files = (
			);
			runOnlyForDeploymentPostprocessing = 0;
		};
		6E4FF83920B8013C00F8B693 /* Frameworks */ = {
			isa = PBXFrameworksBuildPhase;
			buildActionMask = 2147483647;
			files = (
			);
			runOnlyForDeploymentPostprocessing = 0;
		};
/* End PBXFrameworksBuildPhase section */

/* Begin PBXGroup section */
		6E4FF81420B8013900F8B693 = {
			isa = PBXGroup;
			children = (
				6E4FF81F20B8013900F8B693 /* SearchRoute */,
				6E4FF83420B8013C00F8B693 /* SearchRouteTests */,
				6E4FF83F20B8013C00F8B693 /* SearchRouteUITests */,
				6E4FF81E20B8013900F8B693 /* Products */,
			);
			sourceTree = "<group>";
		};
		6E4FF81E20B8013900F8B693 /* Products */ = {
			isa = PBXGroup;
			children = (
				6E4FF81D20B8013900F8B693 /* SearchRoute.app */,
				6E4FF83120B8013C00F8B693 /* SearchRouteTests.xctest */,
				6E4FF83C20B8013C00F8B693 /* SearchRouteUITests.xctest */,
			);
			name = Products;
			sourceTree = "<group>";
		};
		6E4FF81F20B8013900F8B693 /* SearchRoute */ = {
			isa = PBXGroup;
			children = (
				6E4FF82020B8013900F8B693 /* AppDelegate.swift */,
				6E4FF82220B8013900F8B693 /* ViewController.swift */,
				6E4FF82420B8013900F8B693 /* Main.storyboard */,
				6E4FF82720B8013B00F8B693 /* Assets.xcassets */,
				6E4FF82920B8013B00F8B693 /* LaunchScreen.storyboard */,
				6E4FF82C20B8013B00F8B693 /* Info.plist */,
			);
			path = SearchRoute;
			sourceTree = "<group>";
		};
		6E4FF83420B8013C00F8B693 /* SearchRouteTests */ = {
			isa = PBXGroup;
			children = (
				6E4FF83520B8013C00F8B693 /* SearchRouteTests.swift */,
				6E4FF83720B8013C00F8B693 /* Info.plist */,
			);
			path = SearchRouteTests;
			sourceTree = "<group>";
		};
		6E4FF83F20B8013C00F8B693 /* SearchRouteUITests */ = {
			isa = PBXGroup;
			children = (
				6E4FF84020B8013C00F8B693 /* SearchRouteUITests.swift */,
				6E4FF84220B8013C00F8B693 /* Info.plist */,
			);
			path = SearchRouteUITests;
			sourceTree = "<group>";
		};
/* End PBXGroup section */

/* Begin PBXNativeTarget section */
		6E4FF81C20B8013900F8B693 /* SearchRoute */ = {
			isa = PBXNativeTarget;
			buildConfigurationList = 6E4FF84520B8013C00F8B693 /* Build configuration list for PBXNativeTarget "SearchRoute" */;
			buildPhases = (
				6E4FF81920B8013900F8B693 /* Sources */,
				6E4FF81A20B8013900F8B693 /* Frameworks */,
				6E4FF81B20B8013900F8B693 /* Resources */,
			);
			buildRules = (
			);
			dependencies = (
			);
			name = SearchRoute;
			productName = SearchRoute;
			productReference = 6E4FF81D20B8013900F8B693 /* SearchRoute.app */;
			productType = "com.apple.product-type.application";
		};
		6E4FF83020B8013C00F8B693 /* SearchRouteTests */ = {
			isa = PBXNativeTarget;
			buildConfigurationList = 6E4FF84820B8013C00F8B693 /* Build configuration list for PBXNativeTarget "SearchRouteTests" */;
			buildPhases = (
				6E4FF82D20B8013C00F8B693 /* Sources */,
				6E4FF82E20B8013C00F8B693 /* Frameworks */,
				6E4FF82F20B8013C00F8B693 /* Resources */,
			);
			buildRules = (
			);
			dependencies = (
				6E4FF83320B8013C00F8B693 /* PBXTargetDependency */,
			);
			name = SearchRouteTests;
			productName = SearchRouteTests;
			productReference = 6E4FF83120B8013C00F8B693 /* SearchRouteTests.xctest */;
			productType = "com.apple.product-type.bundle.unit-test";
		};
		6E4FF83B20B8013C00F8B693 /* SearchRouteUITests */ = {
			isa = PBXNativeTarget;
			buildConfigurationList = 6E4FF84B20B8013C00F8B693 /* Build configuration list for PBXNativeTarget "SearchRouteUITests" */;
			buildPhases = (
				6E4FF83820B8013C00F8B693 /* Sources */,
				6E4FF83920B8013C00F8B693 /* Frameworks */,
				6E4FF83A20B8013C00F8B693 /* Resources */,
			);
			buildRules = (
			);
			dependencies = (
				6E4FF83E20B8013C00F8B693 /* PBXTargetDependency */,
			);
			name = SearchRouteUITests;
			productName = SearchRouteUITests;
			productReference = 6E4FF83C20B8013C00F8B693 /* SearchRouteUITests.xctest */;
			productType = "com.apple.product-type.bundle.ui-testing";
		};
/* End PBXNativeTarget section */

/* Begin PBXProject section */
		6E4FF81520B8013900F8B693 /* Project object */ = {
			isa = PBXProject;
			attributes = {
				LastSwiftUpdateCheck = 0930;
				LastUpgradeCheck = 0930;
				ORGANIZATIONNAME = Dogether;
				TargetAttributes = {
					6E4FF81C20B8013900F8B693 = {
						CreatedOnToolsVersion = 9.3.1;
					};
					6E4FF83020B8013C00F8B693 = {
						CreatedOnToolsVersion = 9.3.1;
						TestTargetID = 6E4FF81C20B8013900F8B693;
					};
					6E4FF83B20B8013C00F8B693 = {
						CreatedOnToolsVersion = 9.3.1;
						TestTargetID = 6E4FF81C20B8013900F8B693;
					};
				};
			};
			buildConfigurationList = 6E4FF81820B8013900F8B693 /* Build configuration list for PBXProject "SearchRoute" */;
			compatibilityVersion = "Xcode 9.3";
			developmentRegion = en;
			hasScannedForEncodings = 0;
			knownRegions = (
				en,
				Base,
			);
			mainGroup = 6E4FF81420B8013900F8B693;
			productRefGroup = 6E4FF81E20B8013900F8B693 /* Products */;
			projectDirPath = "";
			projectRoot = "";
			targets = (
				6E4FF81C20B8013900F8B693 /* SearchRoute */,
				6E4FF83020B8013C00F8B693 /* SearchRouteTests */,
				6E4FF83B20B8013C00F8B693 /* SearchRouteUITests */,
			);
		};
/* End PBXProject section */

/* Begin PBXResourcesBuildPhase section */
		6E4FF81B20B8013900F8B693 /* Resources */ = {
			isa = PBXResourcesBuildPhase;
			buildActionMask = 2147483647;
			files = (
				6E4FF82B20B8013B00F8B693 /* LaunchScreen.storyboard in Resources */,
				6E4FF82820B8013B00F8B693 /* Assets.xcassets in Resources */,
				6E4FF82620B8013900F8B693 /* Main.storyboard in Resources */,
			);
			runOnlyForDeploymentPostprocessing = 0;
		};
		6E4FF82F20B8013C00F8B693 /* Resources */ = {
			isa = PBXResourcesBuildPhase;
			buildActionMask = 2147483647;
			files = (
			);
			runOnlyForDeploymentPostprocessing = 0;
		};
		6E4FF83A20B8013C00F8B693 /* Resources */ = {
			isa = PBXResourcesBuildPhase;
			buildActionMask = 2147483647;
			files = (
			);
			runOnlyForDeploymentPostprocessing = 0;
		};
/* End PBXResourcesBuildPhase section */

/* Begin PBXSourcesBuildPhase section */
		6E4FF81920B8013900F8B693 /* Sources */ = {
			isa = PBXSourcesBuildPhase;
			buildActionMask = 2147483647;
			files = (
				6E4FF82320B8013900F8B693 /* ViewController.swift in Sources */,
				6E4FF82120B8013900F8B693 /* AppDelegate.swift in Sources */,
			);
			runOnlyForDeploymentPostprocessing = 0;
		};
		6E4FF82D20B8013C00F8B693 /* Sources */ = {
			isa = PBXSourcesBuildPhase;
			buildActionMask = 2147483647;
			files = (
				6E4FF83620B8013C00F8B693 /* SearchRouteTests.swift in Sources */,
			);
			runOnlyForDeploymentPostprocessing = 0;
		};
		6E4FF83820B8013C00F8B693 /* Sources */ = {
			isa = PBXSourcesBuildPhase;
			buildActionMask = 2147483647;
			files = (
				6E4FF84120B8013C00F8B693 /* SearchRouteUITests.swift in Sources */,
			);
			runOnlyForDeploymentPostprocessing = 0;
		};
/* End PBXSourcesBuildPhase section */

/* Begin PBXTargetDependency section */
		6E4FF83320B8013C00F8B693 /* PBXTargetDependency */ = {
			isa = PBXTargetDependency;
			target = 6E4FF81C20B8013900F8B693 /* SearchRoute */;
			targetProxy = 6E4FF83220B8013C00F8B693 /* PBXContainerItemProxy */;
		};
		6E4FF83E20B8013C00F8B693 /* PBXTargetDependency */ = {
			isa = PBXTargetDependency;
			target = 6E4FF81C20B8013900F8B693 /* SearchRoute */;
			targetProxy = 6E4FF83D20B8013C00F8B693 /* PBXContainerItemProxy */;
		};
/* End PBXTargetDependency section */

/* Begin PBXVariantGroup section */
		6E4FF82420B8013900F8B693 /* Main.storyboard */ = {
			isa = PBXVariantGroup;
			children = (
				6E4FF82520B8013900F8B693 /* Base */,
			);
			name = Main.storyboard;
			sourceTree = "<group>";
		};
		6E4FF82920B8013B00F8B693 /* LaunchScreen.storyboard */ = {
			isa = PBXVariantGroup;
			children = (
				6E4FF82A20B8013B00F8B693 /* Base */,
			);
			name = LaunchScreen.storyboard;
			sourceTree = "<group>";
		};
/* End PBXVariantGroup section */

/* Begin XCBuildConfiguration section */
		6E4FF84320B8013C00F8B693 /* Debug */ = {
			isa = XCBuildConfiguration;
			buildSettings = {
				ALWAYS_SEARCH_USER_PATHS = NO;
				CLANG_ANALYZER_NONNULL = YES;
				CLANG_ANALYZER_NUMBER_OBJECT_CONVERSION = YES_AGGRESSIVE;
				CLANG_CXX_LANGUAGE_STANDARD = "gnu++14";
				CLANG_CXX_LIBRARY = "libc++";
				CLANG_ENABLE_MODULES = YES;
				CLANG_ENABLE_OBJC_ARC = YES;
				CLANG_ENABLE_OBJC_WEAK = YES;
				CLANG_WARN_BLOCK_CAPTURE_AUTORELEASING = YES;
				CLANG_WARN_BOOL_CONVERSION = YES;
				CLANG_WARN_COMMA = YES;
				CLANG_WARN_CONSTANT_CONVERSION = YES;
				CLANG_WARN_DEPRECATED_OBJC_IMPLEMENTATIONS = YES;
				CLANG_WARN_DIRECT_OBJC_ISA_USAGE = YES_ERROR;
				CLANG_WARN_DOCUMENTATION_COMMENTS = YES;
				CLANG_WARN_EMPTY_BODY = YES;
				CLANG_WARN_ENUM_CONVERSION = YES;
				CLANG_WARN_INFINITE_RECURSION = YES;
				CLANG_WARN_INT_CONVERSION = YES;
				CLANG_WARN_NON_LITERAL_NULL_CONVERSION = YES;
				CLANG_WARN_OBJC_IMPLICIT_RETAIN_SELF = YES;
				CLANG_WARN_OBJC_LITERAL_CONVERSION = YES;
				CLANG_WARN_OBJC_ROOT_CLASS = YES_ERROR;
				CLANG_WARN_RANGE_LOOP_ANALYSIS = YES;
				CLANG_WARN_STRICT_PROTOTYPES = YES;
				CLANG_WARN_SUSPICIOUS_MOVE = YES;
				CLANG_WARN_UNGUARDED_AVAILABILITY = YES_AGGRESSIVE;
				CLANG_WARN_UNREACHABLE_CODE = YES;
				CLANG_WARN__DUPLICATE_METHOD_MATCH = YES;
				CODE_SIGN_IDENTITY = "iPhone Developer";
				COPY_PHASE_STRIP = NO;
				DEBUG_INFORMATION_FORMAT = dwarf;
				ENABLE_STRICT_OBJC_MSGSEND = YES;
				ENABLE_TESTABILITY = YES;
				GCC_C_LANGUAGE_STANDARD = gnu11;
				GCC_DYNAMIC_NO_PIC = NO;
				GCC_NO_COMMON_BLOCKS = YES;
				GCC_OPTIMIZATION_LEVEL = 0;
				GCC_PREPROCESSOR_DEFINITIONS = (
					"DEBUG=1",
					"$(inherited)",
				);
				GCC_WARN_64_TO_32_BIT_CONVERSION = YES;
				GCC_WARN_ABOUT_RETURN_TYPE = YES_ERROR;
				GCC_WARN_UNDECLARED_SELECTOR = YES;
				GCC_WARN_UNINITIALIZED_AUTOS = YES_AGGRESSIVE;
				GCC_WARN_UNUSED_FUNCTION = YES;
				GCC_WARN_UNUSED_VARIABLE = YES;
				IPHONEOS_DEPLOYMENT_TARGET = 11.3;
				MTL_ENABLE_DEBUG_INFO = YES;
				ONLY_ACTIVE_ARCH = YES;
				SDKROOT = iphoneos;
				SWIFT_ACTIVE_COMPILATION_CONDITIONS = DEBUG;
				SWIFT_OPTIMIZATION_LEVEL = "-Onone";
			};
			name = Debug;
		};
		6E4FF84420B8013C00F8B693 /* Release */ = {
			isa = XCBuildConfiguration;
			buildSettings = {
				ALWAYS_SEARCH_USER_PATHS = NO;
				CLANG_ANALYZER_NONNULL = YES;
				CLANG_ANALYZER_NUMBER_OBJECT_CONVERSION = YES_AGGRESSIVE;
				CLANG_CXX_LANGUAGE_STANDARD = "gnu++14";
				CLANG_CXX_LIBRARY = "libc++";
				CLANG_ENABLE_MODULES = YES;
				CLANG_ENABLE_OBJC_ARC = YES;
				CLANG_ENABLE_OBJC_WEAK = YES;
				CLANG_WARN_BLOCK_CAPTURE_AUTORELEASING = YES;
				CLANG_WARN_BOOL_CONVERSION = YES;
				CLANG_WARN_COMMA = YES;
				CLANG_WARN_CONSTANT_CONVERSION = YES;
				CLANG_WARN_DEPRECATED_OBJC_IMPLEMENTATIONS = YES;
				CLANG_WARN_DIRECT_OBJC_ISA_USAGE = YES_ERROR;
				CLANG_WARN_DOCUMENTATION_COMMENTS = YES;
				CLANG_WARN_EMPTY_BODY = YES;
				CLANG_WARN_ENUM_CONVERSION = YES;
				CLANG_WARN_INFINITE_RECURSION = YES;
				CLANG_WARN_INT_CONVERSION = YES;
				CLANG_WARN_NON_LITERAL_NULL_CONVERSION = YES;
				CLANG_WARN_OBJC_IMPLICIT_RETAIN_SELF = YES;
				CLANG_WARN_OBJC_LITERAL_CONVERSION = YES;
				CLANG_WARN_OBJC_ROOT_CLASS = YES_ERROR;
				CLANG_WARN_RANGE_LOOP_ANALYSIS = YES;
				CLANG_WARN_STRICT_PROTOTYPES = YES;
				CLANG_WARN_SUSPICIOUS_MOVE = YES;
				CLANG_WARN_UNGUARDED_AVAILABILITY = YES_AGGRESSIVE;
				CLANG_WARN_UNREACHABLE_CODE = YES;
				CLANG_WARN__DUPLICATE_METHOD_MATCH = YES;
				CODE_SIGN_IDENTITY = "iPhone Developer";
				COPY_PHASE_STRIP = NO;
				DEBUG_INFORMATION_FORMAT = "dwarf-with-dsym";
				ENABLE_NS_ASSERTIONS = NO;
				ENABLE_STRICT_OBJC_MSGSEND = YES;
				GCC_C_LANGUAGE_STANDARD = gnu11;
				GCC_NO_COMMON_BLOCKS = YES;
				GCC_WARN_64_TO_32_BIT_CONVERSION = YES;
				GCC_WARN_ABOUT_RETURN_TYPE = YES_ERROR;
				GCC_WARN_UNDECLARED_SELECTOR = YES;
				GCC_WARN_UNINITIALIZED_AUTOS = YES_AGGRESSIVE;
				GCC_WARN_UNUSED_FUNCTION = YES;
				GCC_WARN_UNUSED_VARIABLE = YES;
				IPHONEOS_DEPLOYMENT_TARGET = 11.3;
				MTL_ENABLE_DEBUG_INFO = NO;
				SDKROOT = iphoneos;
				SWIFT_COMPILATION_MODE = wholemodule;
				SWIFT_OPTIMIZATION_LEVEL = "-O";
				VALIDATE_PRODUCT = YES;
			};
			name = Release;
		};
		6E4FF84620B8013C00F8B693 /* Debug */ = {
			isa = XCBuildConfiguration;
			buildSettings = {
				ASSETCATALOG_COMPILER_APPICON_NAME = AppIcon;
				CODE_SIGN_STYLE = Automatic;
				DEVELOPMENT_TEAM = MFA2TVG8P7;
				INFOPLIST_FILE = SearchRoute/Info.plist;
				LD_RUNPATH_SEARCH_PATHS = (
					"$(inherited)",
					"@executable_path/Frameworks",
				);
				PRODUCT_BUNDLE_IDENTIFIER = com.nikolus.SearchRoute;
				PRODUCT_NAME = "$(TARGET_NAME)";
				SWIFT_VERSION = 4.0;
				TARGETED_DEVICE_FAMILY = "1,2";
			};
			name = Debug;
		};
		6E4FF84720B8013C00F8B693 /* Release */ = {
			isa = XCBuildConfiguration;
			buildSettings = {
				ASSETCATALOG_COMPILER_APPICON_NAME = AppIcon;
				CODE_SIGN_STYLE = Automatic;
				DEVELOPMENT_TEAM = MFA2TVG8P7;
				INFOPLIST_FILE = SearchRoute/Info.plist;
				LD_RUNPATH_SEARCH_PATHS = (
					"$(inherited)",
					"@executable_path/Frameworks",
				);
				PRODUCT_BUNDLE_IDENTIFIER = com.nikolus.SearchRoute;
				PRODUCT_NAME = "$(TARGET_NAME)";
				SWIFT_VERSION = 4.0;
				TARGETED_DEVICE_FAMILY = "1,2";
			};
			name = Release;
		};
		6E4FF84920B8013C00F8B693 /* Debug */ = {
			isa = XCBuildConfiguration;
			buildSettings = {
				ALWAYS_EMBED_SWIFT_STANDARD_LIBRARIES = YES;
				BUNDLE_LOADER = "$(TEST_HOST)";
				CODE_SIGN_STYLE = Automatic;
				DEVELOPMENT_TEAM = MFA2TVG8P7;
				INFOPLIST_FILE = SearchRouteTests/Info.plist;
				LD_RUNPATH_SEARCH_PATHS = (
					"$(inherited)",
					"@executable_path/Frameworks",
					"@loader_path/Frameworks",
				);
				PRODUCT_BUNDLE_IDENTIFIER = com.nikolus.SearchRouteTests;
				PRODUCT_NAME = "$(TARGET_NAME)";
				SWIFT_VERSION = 4.0;
				TARGETED_DEVICE_FAMILY = "1,2";
				TEST_HOST = "$(BUILT_PRODUCTS_DIR)/SearchRoute.app/SearchRoute";
			};
			name = Debug;
		};
		6E4FF84A20B8013C00F8B693 /* Release */ = {
			isa = XCBuildConfiguration;
			buildSettings = {
				ALWAYS_EMBED_SWIFT_STANDARD_LIBRARIES = YES;
				BUNDLE_LOADER = "$(TEST_HOST)";
				CODE_SIGN_STYLE = Automatic;
				DEVELOPMENT_TEAM = MFA2TVG8P7;
				INFOPLIST_FILE = SearchRouteTests/Info.plist;
				LD_RUNPATH_SEARCH_PATHS = (
					"$(inherited)",
					"@executable_path/Frameworks",
					"@loader_path/Frameworks",
				);
				PRODUCT_BUNDLE_IDENTIFIER = com.nikolus.SearchRouteTests;
				PRODUCT_NAME = "$(TARGET_NAME)";
				SWIFT_VERSION = 4.0;
				TARGETED_DEVICE_FAMILY = "1,2";
				TEST_HOST = "$(BUILT_PRODUCTS_DIR)/SearchRoute.app/SearchRoute";
			};
			name = Release;
		};
		6E4FF84C20B8013C00F8B693 /* Debug */ = {
			isa = XCBuildConfiguration;
			buildSettings = {
				ALWAYS_EMBED_SWIFT_STANDARD_LIBRARIES = YES;
				CODE_SIGN_STYLE = Automatic;
				DEVELOPMENT_TEAM = MFA2TVG8P7;
				INFOPLIST_FILE = SearchRouteUITests/Info.plist;
				LD_RUNPATH_SEARCH_PATHS = (
					"$(inherited)",
					"@executable_path/Frameworks",
					"@loader_path/Frameworks",
				);
				PRODUCT_BUNDLE_IDENTIFIER = com.nikolus.SearchRouteUITests;
				PRODUCT_NAME = "$(TARGET_NAME)";
				SWIFT_VERSION = 4.0;
				TARGETED_DEVICE_FAMILY = "1,2";
				TEST_TARGET_NAME = SearchRoute;
			};
			name = Debug;
		};
		6E4FF84D20B8013C00F8B693 /* Release */ = {
			isa = XCBuildConfiguration;
			buildSettings = {
				ALWAYS_EMBED_SWIFT_STANDARD_LIBRARIES = YES;
				CODE_SIGN_STYLE = Automatic;
				DEVELOPMENT_TEAM = MFA2TVG8P7;
				INFOPLIST_FILE = SearchRouteUITests/Info.plist;
				LD_RUNPATH_SEARCH_PATHS = (
					"$(inherited)",
					"@executable_path/Frameworks",
					"@loader_path/Frameworks",
				);
				PRODUCT_BUNDLE_IDENTIFIER = com.nikolus.SearchRouteUITests;
				PRODUCT_NAME = "$(TARGET_NAME)";
				SWIFT_VERSION = 4.0;
				TARGETED_DEVICE_FAMILY = "1,2";
				TEST_TARGET_NAME = SearchRoute;
			};
			name = Release;
		};
/* End XCBuildConfiguration section */

/* Begin XCConfigurationList section */
		6E4FF81820B8013900F8B693 /* Build configuration list for PBXProject "SearchRoute" */ = {
			isa = XCConfigurationList;
			buildConfigurations = (
				6E4FF84320B8013C00F8B693 /* Debug */,
				6E4FF84420B8013C00F8B693 /* Release */,
			);
			defaultConfigurationIsVisible = 0;
			defaultConfigurationName = Release;
		};
		6E4FF84520B8013C00F8B693 /* Build configuration list for PBXNativeTarget "SearchRoute" */ = {
			isa = XCConfigurationList;
			buildConfigurations = (
				6E4FF84620B8013C00F8B693 /* Debug */,
				6E4FF84720B8013C00F8B693 /* Release */,
			);
			defaultConfigurationIsVisible = 0;
			defaultConfigurationName = Release;
		};
		6E4FF84820B8013C00F8B693 /* Build configuration list for PBXNativeTarget "SearchRouteTests" */ = {
			isa = XCConfigurationList;
			buildConfigurations = (
				6E4FF84920B8013C00F8B693 /* Debug */,
				6E4FF84A20B8013C00F8B693 /* Release */,
			);
			defaultConfigurationIsVisible = 0;
			defaultConfigurationName = Release;
		};
		6E4FF84B20B8013C00F8B693 /* Build configuration list for PBXNativeTarget "SearchRouteUITests" */ = {
			isa = XCConfigurationList;
			buildConfigurations = (
				6E4FF84C20B8013C00F8B693 /* Debug */,
				6E4FF84D20B8013C00F8B693 /* Release */,
			);
			defaultConfigurationIsVisible = 0;
			defaultConfigurationName = Release;
		};
/* End XCConfigurationList section */
	};
	rootObject = 6E4FF81520B8013900F8B693 /* Project object */;
}
